#MicroXplorer Configuration settings - do not modify
PA11.GPIO_Speed=GPIO_SPEED_FREQ_VERY_HIGH
PB13.GPIOParameters=GPIO_Speed,GPIO_PuPd,GPIO_Mode
RCC.USART1Freq_Value=108000000
RCC.TIM17Freq_Value=72000000
PG6.PinState=GPIO_PIN_RESET
PA8.GPIO_Mode=GPIO_MODE_AF_PP
PA10.GPIO_PuPd=GPIO_NOPULL
RCC.PLLCLKFreq_Value=216000000
PG6.GPIO_Label=USB_PowerSwitchOn
RCC.PLLQCLKFreq_Value=48000000
PB7.GPIO_FM7=__NULL
PD8.Locked=true
USB_HOST0.BSP.condition=
RCC.RTCFreq_Value=32000
PB13.Signal=ETH_TXD1
PG13.Signal=ETH_TXD0
PA2.GPIOParameters=GPIO_Speed,GPIO_PuPd,GPIO_Mode
PinOutPanel.RotationAngle=0
RCC.SYSCLKSource=RCC_SYSCLKSOURCE_PLLCLK
RCC.MCO1PinFreq_Value=16000000
SH.GPXTI13.0=GPIO_EXTI13
USART3.VirtualMode-Asynchronous=VM_ASYNC
PD8.GPIO_ModeDefaultPP=GPIO_MODE_AF_PP
RCC.LPTIM1Freq_Value=54000000
PG13.GPIO_Mode=GPIO_MODE_AF_PP
NVIC.SVCall_IRQn=true\:0\:0\:false\:false\:true\:true\:false
USART3.BaudRate=921600
PF7.Signal=UART7_TX
RCC.LCDTFTFreq_Value=48000000
PG7.GPIO_Mode=GPIO_MODE_INPUT
RCC.I2C4Freq_Value=54000000
PB13.GPIO_Mode=GPIO_MODE_AF_PP
RCC.APB2TimFreq_Value=216000000
PC4.GPIO_Mode=GPIO_MODE_AF_PP
PC7.Signal=USART6_RX
USB_HOST0.BSP.component=
PH1/OSC_OUT.Signal=RCC_OSC_OUT
RCC.SAI2Freq_Value=96000000
PD8.Signal=USART3_TX
USART6.VirtualMode-Asynchronous=VM_ASYNC
PA1.GPIO_PuPd=GPIO_NOPULL
PB13.Locked=true
RCC.USART3Freq_Value=54000000
RCC.PLLSAIRCLKFreq_Value=96000000
ProjectManager.ProjectBuild=false
PG13.Locked=true
NVIC.UsageFault_IRQn=true\:0\:0\:false\:false\:true\:true\:false
USB_OTG_FS.phy_itface=HCD_PHY_EMBEDDED
PA8.Locked=true
PC1.GPIO_PuPd=GPIO_NOPULL
PH0/OSC_IN.Locked=true
ProjectManager.FirmwarePackage=STM32Cube FW_F7 V1.15.0
MxDb.Version=DB.5.0.60
PB0.GPIOParameters=GPIO_Speed,PinState,GPIO_PuPd,GPIO_ModeDefaultOutputPP
PG6.GPIO_PuPd=GPIO_NOPULL
PA1.GPIOParameters=GPIO_Speed,GPIO_PuPd,GPIO_Mode
ProjectManager.BackupPrevious=false
PH1/OSC_OUT.Locked=true
PA8.Signal=USB_OTG_FS_SOF
NVIC.PendSV_IRQn=true\:0\:0\:false\:false\:true\:true\:false
PC15/OSC32_OUT.Locked=true
ProjectManager.HalAssertFull=false
PB7.PinState=GPIO_PIN_RESET
RCC.TIM1Freq_Value=72000000
RCC.PLLMCOFreq_Value=72000000
RCC.MCO2PinFreq_Value=216000000
Mcu.Package=LQFP144
PB14.GPIO_PuPd=GPIO_NOPULL
RCC.TIM15Freq_Value=72000000
PG13.GPIOParameters=GPIO_Speed,GPIO_PuPd,GPIO_Mode
RCC.ADC34outputFreq_Value=72000000
PA14.Locked=true
VP_SYS_VS_Systick.Signal=SYS_VS_Systick
USART3.IPParameters=VirtualMode-Asynchronous,BaudRate
PA10.Signal=USB_OTG_FS_ID
RCC.DFSDMFreq_Value=108000000
PB14.GPIOParameters=GPIO_Speed,PinState,GPIO_PuPd,GPIO_ModeDefaultOutputPP
RCC.APB2CLKDivider=RCC_HCLK_DIV2
RCC.CECFreq_Value=32786.88524590164
RCC.APB1TimFreq_Value=108000000
NVIC.BusFault_IRQn=true\:0\:0\:false\:false\:true\:true\:false
PB0.GPIO_ModeDefaultOutputPP=GPIO_MODE_OUTPUT_PP
USB_OTG_FS.IPParameters=VirtualMode,phy_itface,Sof_enable
RCC.DFSDMAudioFreq_Value=96000000
PA12.GPIO_PuPd=GPIO_NOPULL
PD9.GPIO_PuPd=GPIO_NOPULL
PA8.GPIO_Speed=GPIO_SPEED_FREQ_VERY_HIGH
ProjectManager.CustomerFirmwarePackage=..\\..\\..\\..\\..\\..\\..\\..\\..\\ST\\Firmware\\STM32Cube_FW_F7_V1.15.0
PC4.GPIOParameters=GPIO_Speed,GPIO_PuPd,GPIO_Mode
RCC.PLLSAIQCLKFreq_Value=96000000
PG6.GPIO_Speed=GPIO_SPEED_FREQ_LOW
PA2.GPIO_Mode=GPIO_MODE_AF_PP
PB7.GPIO_PuPd=GPIO_NOPULL
RCC.PLLQoutputFreq_Value=48000000
ProjectManager.ProjectFileName=Pedalboard to Clavinova interface.ioc
RCC.ADC12outputFreq_Value=72000000
Mcu.PinsNb=35
PA1.GPIO_Mode=GPIO_MODE_AF_PP
PC13.Locked=true
PC13.Signal=GPXTI13
PC6.Signal=USART6_TX
RCC.UART8Freq_Value=54000000
PB14.Locked=true
RCC.APB1CLKDivider=RCC_HCLK_DIV4
PD9.GPIO_ModeDefaultPP=GPIO_MODE_AF_PP
USB_HOST0.BSP.semaphore=
RCC.WatchDogFreq_Value=32000
USB_HOST0.BSP.STBoard=false
PA11.Locked=true
PB14.GPIO_Speed=GPIO_SPEED_FREQ_LOW
RCC.USART6Freq_Value=108000000
PC6.Mode=Asynchronous
PA9.Signal=USB_OTG_FS_VBUS
PB13.GPIO_Speed=GPIO_SPEED_FREQ_VERY_HIGH
PD8.Mode=Asynchronous
PB14.Signal=GPIO_Output
PG6.GPIOParameters=GPIO_Speed,PinState,GPIO_PuPd,GPIO_Label,GPIO_ModeDefaultOutputPP
ProjectManager.LastFirmware=true
USB_HOST.VirtualModeFS=Cdc
PA7.GPIO_Speed=GPIO_SPEED_FREQ_VERY_HIGH
PB13.GPIO_PuPd=GPIO_NOPULL
PG11.GPIO_Mode=GPIO_MODE_AF_PP
RCC.PRESCALERUSB=RCC_USBCLKSOURCE_PLL_DIV1_5
RCC.I2C1Freq_Value=54000000
RCC.PLLI2SPCLKFreq_Value=96000000
PG7.GPIO_Label=USB_OverCurrent
RCC.RNGFreq_Value=48000000
Mcu.Pin30=PG13
RCC.EthernetFreq_Value=216000000
Mcu.Pin33=VP_SYS_VS_Systick
Mcu.Pin34=VP_USB_HOST_VS_USB_HOST_CDC_FS
Mcu.Pin31=PB3
PC1.GPIO_Speed=GPIO_SPEED_FREQ_VERY_HIGH
Mcu.Pin32=PB7
PA9.Locked=true
NVIC.NonMaskableInt_IRQn=true\:0\:0\:false\:false\:true\:true\:false
PA13.Mode=Serial_Wire
ProjectManager.FreePins=false
RCC.PLLI2SQCLKFreq_Value=96000000
Mcu.Pin26=PA12
Mcu.Pin27=PA13
RCC.RTCHSEDivFreq_Value=4000000
Mcu.Pin24=PA10
ProjectManager.UnderRoot=true
Mcu.Pin25=PA11
CORTEX_M7.IPParameters=CPU_ICache,CPU_DCache
Mcu.Pin28=PA14
Mcu.Pin29=PG11
Mcu.Pin22=PA8
Mcu.Pin23=PA9
Mcu.Pin20=PC6
Mcu.Pin21=PC7
PA10.Locked=true
NVIC.ForceEnableDMAVector=true
PC14/OSC32_IN.Locked=true
NVIC.MemoryManagement_IRQn=true\:0\:0\:false\:false\:true\:true\:false
ProjectManager.CompilerOptimize=6
PA11.Signal=USB_OTG_FS_DM
PC5.GPIO_Mode=GPIO_MODE_AF_PP
ProjectManager.HeapSize=0x2000
Mcu.Pin15=PB14
NVIC.HardFault_IRQn=true\:0\:0\:false\:false\:true\:true\:false
Mcu.Pin16=PD8
Mcu.Pin13=PB0
UART7.IPParameters=BaudRate
Mcu.Pin14=PB13
Mcu.Pin19=PG7
PF6.Mode=Asynchronous
UART7.BaudRate=31250
ProjectManager.ComputerToolchain=false
Mcu.Pin17=PD9
Mcu.Pin18=PG6
PD8.GPIO_Speed=GPIO_SPEED_FREQ_VERY_HIGH
RCC.TIM3Freq_Value=72000000
NVIC.PriorityGroup=NVIC_PRIORITYGROUP_4
Mcu.Pin11=PC4
Mcu.Pin12=PC5
PC5.GPIO_Speed=GPIO_SPEED_FREQ_VERY_HIGH
Mcu.Pin10=PA7
PC15/OSC32_OUT.Signal=RCC_OSC32_OUT
RCC.I2C2Freq_Value=54000000
RCC.SDMMC2Freq_Value=216000000
PB0.Signal=GPIO_Output
USB_HOST0.BSP.mode=Output
PA7.GPIOParameters=GPIO_Speed,GPIO_PuPd,GPIO_Mode
PC1.Signal=ETH_MDC
PG7.GPIOParameters=GPIO_PuPd,GPIO_Label,GPIO_Mode
Mcu.Family=STM32F7
ProjectManager.MainLocation=Src
PA2.GPIO_PuPd=GPIO_NOPULL
RCC.MCOFreq_Value=72000000
RCC.SAI1Freq_Value=96000000
RCC.CortexFreq_Value=216000000
PG6.Signal=GPIO_Output
ProjectManager.KeepUserCode=true
Mcu.UserName=STM32F767ZITx
PD9.GPIOParameters=GPIO_ModeDefaultPP,GPIO_Speed,GPIO_PuPd
PG6.Locked=true
PC5.Locked=true
RCC.SYSCLKSourceVirtual=RCC_SYSCLKSOURCE_PLLCLK
PA7.GPIO_Mode=GPIO_MODE_AF_PP
PA12.GPIOParameters=GPIO_Speed,GPIO_PuPd,GPIO_Mode
ProjectManager.functionlistsort=1-MX_GPIO_Init-GPIO-false-HAL-true,2-SystemClock_Config-RCC-false-HAL-false,3-MX_USB_HOST_Init-USB_HOST-false-HAL-false,4-MX_UART7_Init-UART7-false-HAL-true,5-MX_USART3_UART_Init-USART3-false-HAL-true,0-MX_CORTEX_M7_Init-CORTEX_M7-false-HAL-true
PA9.GPIOParameters=GPIO_PuPd,GPIO_Mode
PA2.GPIO_Speed=GPIO_SPEED_FREQ_VERY_HIGH
PA11.GPIOParameters=GPIO_Speed,GPIO_PuPd,GPIO_Mode
PD9.GPIO_Speed=GPIO_SPEED_FREQ_VERY_HIGH
PA11.Mode=Host_Only
RCC.PLLI2SRCLKFreq_Value=96000000
RCC.USART2Freq_Value=54000000
PA11.GPIO_PuPd=GPIO_NOPULL
PC1.Locked=true
PD8.GPIO_PuPd=GPIO_NOPULL
PD9.Mode=Asynchronous
PG11.Signal=ETH_TX_EN
ProjectManager.StackSize=0x4000
RCC.I2C3Freq_Value=54000000
Mcu.IP4=UART7
RCC.FCLKCortexFreq_Value=216000000
Mcu.IP5=USART3
Mcu.IP2=RCC
Mcu.IP3=SYS
Mcu.IP0=CORTEX_M7
PA12.Locked=true
Mcu.IP1=NVIC
PA12.Signal=USB_OTG_FS_DP
Mcu.UserConstants=
PC1.GPIOParameters=GPIO_Speed,GPIO_PuPd,GPIO_Mode
RCC.SDMMCFreq_Value=216000000
PB0.PinState=GPIO_PIN_RESET
SH.GPXTI13.ConfNb=1
Mcu.ThirdPartyNb=0
PH0/OSC_IN.Mode=HSE-External-Clock-Source
PG11.GPIO_PuPd=GPIO_NOPULL
RCC.HCLKFreq_Value=216000000
Mcu.IPNb=9
RCC.I2SClocksFreq_Value=48000000
RCC.PLLI2SRoutputFreq_Value=96000000
ProjectManager.PreviousToolchain=TrueSTUDIO
RCC.SPDIFRXFreq_Value=96000000
RCC.VcooutputI2S=48000000
PD8.GPIOParameters=GPIO_ModeDefaultPP,GPIO_Speed,GPIO_PuPd
PA8.GPIOParameters=GPIO_Speed,GPIO_PuPd,GPIO_Mode
Mcu.Pin6=PH1/OSC_OUT
Mcu.Pin7=PC1
Mcu.Pin8=PA1
Mcu.Pin9=PA2
RCC.VCOSAIOutputFreq_Value=192000000
USB_HOST0.BSP.ip=GPIO
RCC.AHBFreq_Value=216000000
RCC.TIM2Freq_Value=72000000
Mcu.Pin0=PC13
Mcu.Pin1=PC14/OSC32_IN
Mcu.Pin2=PC15/OSC32_OUT
PA9.GPIO_Mode=GPIO_MODE_INPUT
PC1.GPIO_Mode=GPIO_MODE_AF_PP
Mcu.Pin3=PF6
Mcu.Pin4=PF7
Mcu.Pin5=PH0/OSC_IN
RCC.HSE_VALUE=8000000
NVIC.DebugMonitor_IRQn=true\:0\:0\:false\:false\:true\:true\:false
NVIC.SysTick_IRQn=true\:0\:0\:false\:false\:true\:true\:true
PG13.GPIO_PuPd=GPIO_NOPULL
RCC.PLLMUL=RCC_PLL_MUL9
PG11.GPIO_Speed=GPIO_SPEED_FREQ_VERY_HIGH
PC4.GPIO_Speed=GPIO_SPEED_FREQ_VERY_HIGH
RCC.VCOInputFreq_Value=1000000
PA14.Mode=Serial_Wire
File.Version=6
PC13.GPIO_PuPd=GPIO_NOPULL
PG7.GPIO_PuPd=GPIO_NOPULL
PB7.Signal=GPIO_Output
USB_HOST0.BSP.i2creg=
PH1/OSC_OUT.Mode=HSE-External-Clock-Source
PB0.Locked=true
ProjectManager.ProjectName=Pedalboard to Clavinova interface
PG6.GPIO_ModeDefaultOutputPP=GPIO_MODE_OUTPUT_PP
USB_HOST0.BSP.i2caddr=0
PA7.Locked=true
PG11.Locked=true
PC14/OSC32_IN.Signal=RCC_OSC32_IN
USB_HOST.USBH_HandleTypeDef-CDC_FS=hUsbHostFS
NVIC.OTG_FS_IRQn=true\:1\:0\:true\:false\:true\:false\:true
ProjectManager.ToolChainLocation=
RCC.LSI_VALUE=32000
USB_OTG_FS.VirtualMode=Host_Only
USART6.BaudRate=31250
PA10.GPIO_Speed=GPIO_SPEED_FREQ_VERY_HIGH
RCC.TIM16Freq_Value=72000000
USB_HOST0.BSP.name=Drive_VBUS_FS
PC4.Locked=true
PG13.GPIO_Speed=GPIO_SPEED_FREQ_VERY_HIGH
PC5.Signal=ETH_RXD1
PA12.GPIO_Speed=GPIO_SPEED_FREQ_VERY_HIGH
PB3.Locked=true
PB7.GPIO_Speed=GPIO_SPEED_FREQ_LOW
PA2.Locked=true
RCC.I2SFreq_Value=96000000
USB_HOST.IPParameters=VirtualModeFS,USBH_HandleTypeDef-CDC_FS
CORTEX_M7.CPU_ICache=Enabled
PG7.Locked=true
PG7.Signal=GPIO_Input
RCC.UART7Freq_Value=54000000
ProjectManager.NoMain=false
PC4.GPIO_PuPd=GPIO_NOPULL
USART6.IPParameters=VirtualMode-Asynchronous,BaudRate
RCC.PLLRFreq_Value=216000000
USB_HOST0.BSP.solution=PG6
PC4.Signal=ETH_RXD0
USB_HOST.BSP.number=1
ProjectManager.DefaultFWLocation=false
PD9.Signal=USART3_RX
ProjectManager.DeletePrevious=true
RCC.LCDTFToutputFreq_Value=24000000
PC5.GPIO_PuPd=GPIO_NOPULL
boardIOC=true
PA9.GPIO_PuPd=GPIO_NOPULL
RCC.FamilyName=M
NVIC.USART6_IRQn=true\:0\:0\:false\:false\:true\:true\:true
PA10.GPIO_Mode=GPIO_MODE_AF_PP
PB0.GPIO_Speed=GPIO_SPEED_FREQ_LOW
PA13.Signal=SYS_JTMS-SWDIO
PF7.Mode=Asynchronous
PB14.PinState=GPIO_PIN_RESET
PF6.Signal=UART7_RX
ProjectManager.TargetToolchain=TrueSTUDIO
PB7.GPIOParameters=GPIO_Speed,PinState,GPIO_PuPd,GPIO_ModeDefaultOutputPP,GPIO_FM7
PC5.GPIOParameters=GPIO_Speed,GPIO_PuPd,GPIO_Mode
RCC.USBFreq_Value=48000000
RCC.PLLSAIoutputFreq_Value=96000000
RCC.LSE_VALUE=32768
PB14.GPIO_ModeDefaultOutputPP=GPIO_MODE_OUTPUT_PP
PA1.Signal=ETH_REF_CLK
PA7.GPIO_PuPd=GPIO_NOPULL
RCC.VCOI2SOutputFreq_Value=192000000
RCC.PLLSAIPCLKFreq_Value=96000000
board=NUCLEO-F767ZI
RCC.VCOOutputFreq_Value=432000000
RCC.VCOOutput2Freq_Value=8000000
PA12.GPIO_Mode=GPIO_MODE_AF_PP
PH0/OSC_IN.Signal=RCC_OSC_IN
RCC.APB2Freq_Value=108000000
RCC.TIM8Freq_Value=72000000
USB_HOST0.BSP.api=Unknown
RCC.UART4Freq_Value=54000000
MxCube.Version=5.6.1
PC13.GPIOParameters=GPIO_PuPd,GPIO_ModeDefaultEXTI
PB7.GPIO_ModeDefaultOutputPP=GPIO_MODE_OUTPUT_PP
PA1.GPIO_Speed=GPIO_SPEED_FREQ_VERY_HIGH
VP_SYS_VS_Systick.Mode=SysTick
PA10.GPIOParameters=GPIO_Speed,GPIO_PuPd,GPIO_Mode
USB_OTG_FS.Sof_enable=DISABLE
RCC.UART5Freq_Value=54000000
RCC.IPParameters=48MHZClocksFreq_Value,ADC12outputFreq_Value,ADC34outputFreq_Value,AHBFreq_Value,APB1CLKDivider,APB1Freq_Value,APB1TimFreq_Value,APB2CLKDivider,APB2Freq_Value,APB2TimFreq_Value,CECFreq_Value,CortexFreq_Value,DFSDMAudioFreq_Value,DFSDMFreq_Value,EthernetFreq_Value,FCLKCortexFreq_Value,FamilyName,HCLKFreq_Value,HSE_VALUE,HSI_VALUE,I2C1Freq_Value,I2C2Freq_Value,I2C3Freq_Value,I2C4Freq_Value,I2SClocksFreq_Value,I2SFreq_Value,LCDTFTFreq_Value,LCDTFToutputFreq_Value,LPTIM1Freq_Value,LSE_VALUE,LSI_VALUE,MCO1PinFreq_Value,MCO2PinFreq_Value,MCOFreq_Value,PLLCLKFreq_Value,PLLI2SPCLKFreq_Value,PLLI2SQCLKFreq_Value,PLLI2SRCLKFreq_Value,PLLI2SRoutputFreq_Value,PLLM,PLLMCOFreq_Value,PLLMUL,PLLN,PLLQ,PLLQCLKFreq_Value,PLLQoutputFreq_Value,PLLRFreq_Value,PLLSAIPCLKFreq_Value,PLLSAIQCLKFreq_Value,PLLSAIRCLKFreq_Value,PLLSAIoutputFreq_Value,PRESCALERUSB,RNGFreq_Value,RTCFreq_Value,RTCHSEDivFreq_Value,SAI1Freq_Value,SAI2Freq_Value,SDMMC2Freq_Value,SDMMCFreq_Value,SPDIFRXFreq_Value,SYSCLKFreq_VALUE,SYSCLKSource,SYSCLKSourceVirtual,TIM15Freq_Value,TIM16Freq_Value,TIM17Freq_Value,TIM1Freq_Value,TIM20Freq_Value,TIM2Freq_Value,TIM3Freq_Value,TIM8Freq_Value,UART4Freq_Value,UART5Freq_Value,UART7Freq_Value,UART8Freq_Value,USART1Freq_Value,USART2Freq_Value,USART3Freq_Value,USART6Freq_Value,USBFreq_Value,VCOI2SOutputFreq_Value,VCOInputFreq_Value,VCOOutput2Freq_Value,VCOOutputFreq_Value,VCOSAIOutputFreq_Value,VcooutputI2S,WatchDogFreq_Value
ProjectManager.AskForMigrate=true
Mcu.Name=STM32F767ZITx
PA2.Signal=ETH_MDIO
Mcu.IP8=USB_OTG_FS
Mcu.IP6=USART6
Mcu.IP7=USB_HOST
ProjectManager.CoupleFile=true
RCC.48MHZClocksFreq_Value=24000000
PB3.Signal=SYS_JTDO-SWO
RCC.SYSCLKFreq_VALUE=216000000
VP_USB_HOST_VS_USB_HOST_CDC_FS.Signal=USB_HOST_VS_USB_HOST_CDC_FS
PA1.Locked=true
PA12.Mode=Host_Only
KeepUserPlacement=false
VP_USB_HOST_VS_USB_HOST_CDC_FS.Mode=CDC_FS
PC13.GPIO_ModeDefaultEXTI=GPIO_MODE_IT_RISING
PA13.Locked=true
PA14.Signal=SYS_JTCK-SWCLK
RCC.TIM20Freq_Value=72000000
RCC.HSI_VALUE=16000000
PA8.GPIO_PuPd=GPIO_NOPULL
RCC.PLLQ=9
RCC.PLLM=8
RCC.PLLN=432
PB7.Locked=true
CORTEX_M7.CPU_DCache=Enabled
PC7.Mode=Asynchronous
PA11.GPIO_Mode=GPIO_MODE_AF_PP
RCC.APB1Freq_Value=54000000
PD9.Locked=true
ProjectManager.DeviceId=STM32F767ZITx
ProjectManager.LibraryCopy=2
PB0.GPIO_PuPd=GPIO_NOPULL
PG11.GPIOParameters=GPIO_Speed,GPIO_PuPd,GPIO_Mode
PA7.Signal=ETH_CRS_DV
NVIC.UART7_IRQn=true\:0\:0\:false\:false\:true\:true\:true
USB_HOST0.BSP.instance=PG6
